
Microsoft Visual Studio Solution File, Format Version 12.00
# Visual Studio Version 16
VisualStudioVersion = 16.0.31624.102
MinimumVisualStudioVersion = 10.0.40219.1
Project("{FAE04EC0-301F-11D3-BF4B-00C04F79EFBC}") = "HangMan", "HangMan\HangMan.csproj", "{270C625A-DE32-499E-BD48-9A58EFDE1EBB}"
EndProject
Global
	GlobalSection(SolutionConfigurationPlatforms) = preSolution
		Debug|Any CPU = Debug|Any CPU
		Release|Any CPU = Release|Any CPU
	EndGlobalSection
	GlobalSection(ProjectConfigurationPlatforms) = postSolution
		{270C625A-DE32-499E-BD48-9A58EFDE1EBB}.Debug|Any CPU.ActiveCfg = Debug|Any CPU
		{270C625A-DE32-499E-BD48-9A58EFDE1EBB}.Debug|Any CPU.Build.0 = Debug|Any CPU
		{270C625A-DE32-499E-BD48-9A58EFDE1EBB}.Release|Any CPU.ActiveCfg = Release|Any CPU
		{270C625A-DE32-499E-BD48-9A58EFDE1EBB}.Release|Any CPU.Build.0 = Release|Any CPU
	EndGlobalSection
	GlobalSection(SolutionProperties) = preSolution
		HideSolutionNode = FALSE
	EndGlobalSection
	GlobalSection(ExtensibilityGlobals) = postSolution
		SolutionGuid = {EEFD1325-ED8D-4CF6-8183-D920B09778A5}
	EndGlobalSection
EndGlobal
